
Microsoft Visual Studio Solution File, Format Version 12.00
# Visual Studio Version 17
VisualStudioVersion = 17.14.36121.58 d17.14
MinimumVisualStudioVersion = 10.0.40219.1
Project("{FAE04EC0-301F-11D3-BF4B-00C04F79EFBC}") = "WebSpark.SharedKernel", "WebSpark.SharedKernel\WebSpark.SharedKernel.csproj", "{FE28E36F-20F2-3EEF-934B-20DE0A207C22}"
EndProject
Global
	GlobalSection(SolutionConfigurationPlatforms) = preSolution
		Debug|Any CPU = Debug|Any CPU
		Release|Any CPU = Release|Any CPU
	EndGlobalSection
	GlobalSection(ProjectConfigurationPlatforms) = postSolution
		{FE28E36F-20F2-3EEF-934B-20DE0A207C22}.Debug|Any CPU.ActiveCfg = Debug|Any CPU
		{FE28E36F-20F2-3EEF-934B-20DE0A207C22}.Debug|Any CPU.Build.0 = Debug|Any CPU
		{FE28E36F-20F2-3EEF-934B-20DE0A207C22}.Release|Any CPU.ActiveCfg = Release|Any CPU
		{FE28E36F-20F2-3EEF-934B-20DE0A207C22}.Release|Any CPU.Build.0 = Release|Any CPU
	EndGlobalSection
	GlobalSection(SolutionProperties) = preSolution
		HideSolutionNode = FALSE
	EndGlobalSection
	GlobalSection(ExtensibilityGlobals) = postSolution
		SolutionGuid = {0F4CA112-7163-4642-A584-B8355FCC906D}
	EndGlobalSection
EndGlobal
